
Microsoft Visual Studio Solution File, Format Version 12.00
# Visual Studio Version 17
VisualStudioVersion = 17.1.31911.260
MinimumVisualStudioVersion = 10.0.40219.1
Project("{FAE04EC0-301F-11D3-BF4B-00C04F79EFBC}") = "July-2022", "July-2022.csproj", "{1BA630E3-33C6-4272-A9B6-AA818E9AAB3B}"
EndProject
Global
	GlobalSection(SolutionConfigurationPlatforms) = preSolution
		Debug|Any CPU = Debug|Any CPU
		Release|Any CPU = Release|Any CPU
	EndGlobalSection
	GlobalSection(ProjectConfigurationPlatforms) = postSolution
		{1BA630E3-33C6-4272-A9B6-AA818E9AAB3B}.Debug|Any CPU.ActiveCfg = Debug|Any CPU
		{1BA630E3-33C6-4272-A9B6-AA818E9AAB3B}.Debug|Any CPU.Build.0 = Debug|Any CPU
		{1BA630E3-33C6-4272-A9B6-AA818E9AAB3B}.Release|Any CPU.ActiveCfg = Release|Any CPU
		{1BA630E3-33C6-4272-A9B6-AA818E9AAB3B}.Release|Any CPU.Build.0 = Release|Any CPU
	EndGlobalSection
	GlobalSection(SolutionProperties) = preSolution
		HideSolutionNode = FALSE
	EndGlobalSection
	GlobalSection(ExtensibilityGlobals) = postSolution
		SolutionGuid = {B9AB14E3-28F7-40EA-A4D6-8A66056484A4}
	EndGlobalSection
EndGlobal
