
Microsoft Visual Studio Solution File, Format Version 12.00
# Visual Studio Version 17
VisualStudioVersion = 17.1.31911.260
MinimumVisualStudioVersion = 10.0.40219.1
Project("{FAE04EC0-301F-11D3-BF4B-00C04F79EFBC}") = "Easy-Problems", "Easy-Problems\Easy-Problems.csproj", "{791A1B71-FC97-4B9F-BB66-4AF8D73F0F73}"
EndProject
Global
	GlobalSection(SolutionConfigurationPlatforms) = preSolution
		Debug|Any CPU = Debug|Any CPU
		Release|Any CPU = Release|Any CPU
	EndGlobalSection
	GlobalSection(ProjectConfigurationPlatforms) = postSolution
		{791A1B71-FC97-4B9F-BB66-4AF8D73F0F73}.Debug|Any CPU.ActiveCfg = Debug|Any CPU
		{791A1B71-FC97-4B9F-BB66-4AF8D73F0F73}.Debug|Any CPU.Build.0 = Debug|Any CPU
		{791A1B71-FC97-4B9F-BB66-4AF8D73F0F73}.Release|Any CPU.ActiveCfg = Release|Any CPU
		{791A1B71-FC97-4B9F-BB66-4AF8D73F0F73}.Release|Any CPU.Build.0 = Release|Any CPU
	EndGlobalSection
	GlobalSection(SolutionProperties) = preSolution
		HideSolutionNode = FALSE
	EndGlobalSection
	GlobalSection(ExtensibilityGlobals) = postSolution
		SolutionGuid = {A7079940-4681-4C9F-AC6D-AFEEAF623932}
	EndGlobalSection
EndGlobal
